
Microsoft Visual Studio Solution File, Format Version 12.00
# Visual Studio Version 17
VisualStudioVersion = 17.0.32126.317
MinimumVisualStudioVersion = 10.0.40219.1
Project("{9A19103F-16F7-4668-BE54-9A1E7A4F7556}") = "Boekhouden", "Boekhouden\Boekhouden.csproj", "{52865FF0-8D09-4AFC-9EF3-57F5CF63B854}"
EndProject
Project("{9A19103F-16F7-4668-BE54-9A1E7A4F7556}") = "Boekhouden.test", "Boekhouden.test\Boekhouden.test.csproj", "{0BD75802-F196-429C-96E7-70B46CA17ABB}"
EndProject
Global
	GlobalSection(SolutionConfigurationPlatforms) = preSolution
		Debug|Any CPU = Debug|Any CPU
		Release|Any CPU = Release|Any CPU
	EndGlobalSection
	GlobalSection(ProjectConfigurationPlatforms) = postSolution
		{52865FF0-8D09-4AFC-9EF3-57F5CF63B854}.Debug|Any CPU.ActiveCfg = Debug|Any CPU
		{52865FF0-8D09-4AFC-9EF3-57F5CF63B854}.Debug|Any CPU.Build.0 = Debug|Any CPU
		{52865FF0-8D09-4AFC-9EF3-57F5CF63B854}.Release|Any CPU.ActiveCfg = Release|Any CPU
		{52865FF0-8D09-4AFC-9EF3-57F5CF63B854}.Release|Any CPU.Build.0 = Release|Any CPU
		{0BD75802-F196-429C-96E7-70B46CA17ABB}.Debug|Any CPU.ActiveCfg = Debug|Any CPU
		{0BD75802-F196-429C-96E7-70B46CA17ABB}.Debug|Any CPU.Build.0 = Debug|Any CPU
		{0BD75802-F196-429C-96E7-70B46CA17ABB}.Release|Any CPU.ActiveCfg = Release|Any CPU
		{0BD75802-F196-429C-96E7-70B46CA17ABB}.Release|Any CPU.Build.0 = Release|Any CPU
	EndGlobalSection
	GlobalSection(SolutionProperties) = preSolution
		HideSolutionNode = FALSE
	EndGlobalSection
	GlobalSection(ExtensibilityGlobals) = postSolution
		SolutionGuid = {12E8AF09-E658-41A3-99C1-138CF00A9B62}
	EndGlobalSection
EndGlobal
