
Microsoft Visual Studio Solution File, Format Version 12.00
# Visual Studio Version 17
VisualStudioVersion = 17.0.32126.317
MinimumVisualStudioVersion = 10.0.40219.1
Project("{FAE04EC0-301F-11D3-BF4B-00C04F79EFBC}") = "Boekhouden", "Boekhouden\Boekhouden.csproj", "{52865FF0-8D09-4AFC-9EF3-57F5CF63B854}"
EndProject
Global
	GlobalSection(SolutionConfigurationPlatforms) = preSolution
		Debug|Any CPU = Debug|Any CPU
		Release|Any CPU = Release|Any CPU
	EndGlobalSection
	GlobalSection(ProjectConfigurationPlatforms) = postSolution
		{52865FF0-8D09-4AFC-9EF3-57F5CF63B854}.Debug|Any CPU.ActiveCfg = Debug|Any CPU
		{52865FF0-8D09-4AFC-9EF3-57F5CF63B854}.Debug|Any CPU.Build.0 = Debug|Any CPU
		{52865FF0-8D09-4AFC-9EF3-57F5CF63B854}.Release|Any CPU.ActiveCfg = Release|Any CPU
		{52865FF0-8D09-4AFC-9EF3-57F5CF63B854}.Release|Any CPU.Build.0 = Release|Any CPU
	EndGlobalSection
	GlobalSection(SolutionProperties) = preSolution
		HideSolutionNode = FALSE
	EndGlobalSection
	GlobalSection(ExtensibilityGlobals) = postSolution
		SolutionGuid = {12E8AF09-E658-41A3-99C1-138CF00A9B62}
	EndGlobalSection
EndGlobal
